
Microsoft Visual Studio Solution File, Format Version 12.00
# Visual Studio Version 17
VisualStudioVersion = 17.5.33516.290
MinimumVisualStudioVersion = 10.0.40219.1
Project("{888888A0-9F3D-457C-B088-3A5042F75D52}") = "BasicProject", "BasicProject\BasicProject.pyproj", "{9B69F216-68D4-41BC-B2BF-21DDA9E53CE4}"
EndProject
Global
	GlobalSection(SolutionConfigurationPlatforms) = preSolution
		Debug|Any CPU = Debug|Any CPU
		Release|Any CPU = Release|Any CPU
	EndGlobalSection
	GlobalSection(ProjectConfigurationPlatforms) = postSolution
		{9B69F216-68D4-41BC-B2BF-21DDA9E53CE4}.Debug|Any CPU.ActiveCfg = Debug|Any CPU
		{9B69F216-68D4-41BC-B2BF-21DDA9E53CE4}.Debug|Any CPU.Build.0 = Debug|Any CPU
		{9B69F216-68D4-41BC-B2BF-21DDA9E53CE4}.Release|Any CPU.ActiveCfg = Release|Any CPU
		{9B69F216-68D4-41BC-B2BF-21DDA9E53CE4}.Release|Any CPU.Build.0 = Release|Any CPU
	EndGlobalSection
	GlobalSection(SolutionProperties) = preSolution
		HideSolutionNode = FALSE
	EndGlobalSection
	GlobalSection(ExtensibilityGlobals) = postSolution
		SolutionGuid = {5B1E185F-B405-40CC-9F29-6A3D0E40A7D6}
	EndGlobalSection
EndGlobal
